
Microsoft Visual Studio Solution File, Format Version 12.00
# Visual Studio Version 16
VisualStudioVersion = 16.0.29319.158
MinimumVisualStudioVersion = 10.0.40219.1
Project("{2150E333-8FDC-42A3-9474-1A3956D46DE8}") = "0 - Presentation", "0 - Presentation", "{CCB269A9-D9B9-44BA-AB4C-96DBB91471AA}"
EndProject
Project("{2150E333-8FDC-42A3-9474-1A3956D46DE8}") = "1 - Service", "1 - Service", "{9A1B0286-2B6F-4D69-B94A-6B082C9AC06B}"
EndProject
Project("{2150E333-8FDC-42A3-9474-1A3956D46DE8}") = "2 - Application", "2 - Application", "{3880D47C-673F-4DAC-A42F-0FB5CDD06E79}"
EndProject
Project("{2150E333-8FDC-42A3-9474-1A3956D46DE8}") = "3 - Domain", "3 - Domain", "{81EDA9D3-065A-4CC5-B261-C459F9119BBC}"
EndProject
Project("{2150E333-8FDC-42A3-9474-1A3956D46DE8}") = "4 - Infra", "4 - Infra", "{697588F8-4919-44BA-8D83-10BA77E3FADC}"
EndProject
Project("{2150E333-8FDC-42A3-9474-1A3956D46DE8}") = "0.1 - API", "0.1 - API", "{720BB1A2-C133-49E4-AE75-588B8247CA28}"
EndProject
Project("{2150E333-8FDC-42A3-9474-1A3956D46DE8}") = "0.1.1 - gRPC", "0.1.1 - gRPC", "{2C5357A4-525C-4DB6-92A6-122ED5CEA9AF}"
EndProject
Project("{2150E333-8FDC-42A3-9474-1A3956D46DE8}") = "0.1.2 - REST", "0.1.2 - REST", "{FEFAAEE9-8054-4753-A374-428C470CA0AF}"
EndProject
Project("{2150E333-8FDC-42A3-9474-1A3956D46DE8}") = "4.1 - Data", "4.1 - Data", "{F1BA12FC-F3D4-499C-BCCD-1B0FDEEB00BB}"
EndProject
Project("{9A19103F-16F7-4668-BE54-9A1E7A4F7556}") = "TccDev.Data", "TccDev.Data\TccDev.Data.csproj", "{B7957168-41FD-492B-840D-688D1B24888B}"
EndProject
Project("{2150E333-8FDC-42A3-9474-1A3956D46DE8}") = "0.2 - Mapping", "0.2 - Mapping", "{C98FCD1C-EE95-48F7-86F0-8A9FFC712DE8}"
EndProject
Project("{9A19103F-16F7-4668-BE54-9A1E7A4F7556}") = "TccDev.Mapping", "TccDev.Mapping\TccDev.Mapping.csproj", "{3ACA8BD4-8E21-409D-9885-1F3919F28FAE}"
EndProject
Project("{9A19103F-16F7-4668-BE54-9A1E7A4F7556}") = "TccDev.Api", "TccDev.Api\TccDev.Api.csproj", "{933E37F1-6673-4731-918D-E013D2BAEE4F}"
EndProject
Project("{9A19103F-16F7-4668-BE54-9A1E7A4F7556}") = "TccDev.Domain", "TccDev.Domain\TccDev.Domain.csproj", "{E15D4A93-2F20-49B9-90D7-804A53D11336}"
EndProject
Project("{9A19103F-16F7-4668-BE54-9A1E7A4F7556}") = "TccDev.Application", "TccDev.Application\TccDev.Application.csproj", "{EE8F4F7D-4167-4AAB-8285-F0FCB00D5E4D}"
EndProject
Project("{2150E333-8FDC-42A3-9474-1A3956D46DE8}") = "4.2 - Hosting", "4.2 - Hosting", "{19D13A5A-C694-4C44-85E2-5F56EFDE3BB8}"
EndProject
Project("{9A19103F-16F7-4668-BE54-9A1E7A4F7556}") = "TccDev.Hosting", "TccDev.Host\TccDev.Hosting.csproj", "{CDF06D8E-A4B5-4FD3-A32F-F1F97FEE3D93}"
EndProject
Project("{9A19103F-16F7-4668-BE54-9A1E7A4F7556}") = "TccDev.gRPC", "TccDev.gRPC\TccDev.gRPC.csproj", "{FAB1C40A-6CDB-489B-967C-988C1EEC6236}"
EndProject
Global
	GlobalSection(SolutionConfigurationPlatforms) = preSolution
		Debug|Any CPU = Debug|Any CPU
		Release|Any CPU = Release|Any CPU
	EndGlobalSection
	GlobalSection(ProjectConfigurationPlatforms) = postSolution
		{B7957168-41FD-492B-840D-688D1B24888B}.Debug|Any CPU.ActiveCfg = Debug|Any CPU
		{B7957168-41FD-492B-840D-688D1B24888B}.Debug|Any CPU.Build.0 = Debug|Any CPU
		{B7957168-41FD-492B-840D-688D1B24888B}.Release|Any CPU.ActiveCfg = Release|Any CPU
		{B7957168-41FD-492B-840D-688D1B24888B}.Release|Any CPU.Build.0 = Release|Any CPU
		{3ACA8BD4-8E21-409D-9885-1F3919F28FAE}.Debug|Any CPU.ActiveCfg = Debug|Any CPU
		{3ACA8BD4-8E21-409D-9885-1F3919F28FAE}.Debug|Any CPU.Build.0 = Debug|Any CPU
		{3ACA8BD4-8E21-409D-9885-1F3919F28FAE}.Release|Any CPU.ActiveCfg = Release|Any CPU
		{3ACA8BD4-8E21-409D-9885-1F3919F28FAE}.Release|Any CPU.Build.0 = Release|Any CPU
		{933E37F1-6673-4731-918D-E013D2BAEE4F}.Debug|Any CPU.ActiveCfg = Debug|Any CPU
		{933E37F1-6673-4731-918D-E013D2BAEE4F}.Debug|Any CPU.Build.0 = Debug|Any CPU
		{933E37F1-6673-4731-918D-E013D2BAEE4F}.Release|Any CPU.ActiveCfg = Release|Any CPU
		{933E37F1-6673-4731-918D-E013D2BAEE4F}.Release|Any CPU.Build.0 = Release|Any CPU
		{E15D4A93-2F20-49B9-90D7-804A53D11336}.Debug|Any CPU.ActiveCfg = Debug|Any CPU
		{E15D4A93-2F20-49B9-90D7-804A53D11336}.Debug|Any CPU.Build.0 = Debug|Any CPU
		{E15D4A93-2F20-49B9-90D7-804A53D11336}.Release|Any CPU.ActiveCfg = Release|Any CPU
		{E15D4A93-2F20-49B9-90D7-804A53D11336}.Release|Any CPU.Build.0 = Release|Any CPU
		{EE8F4F7D-4167-4AAB-8285-F0FCB00D5E4D}.Debug|Any CPU.ActiveCfg = Debug|Any CPU
		{EE8F4F7D-4167-4AAB-8285-F0FCB00D5E4D}.Debug|Any CPU.Build.0 = Debug|Any CPU
		{EE8F4F7D-4167-4AAB-8285-F0FCB00D5E4D}.Release|Any CPU.ActiveCfg = Release|Any CPU
		{EE8F4F7D-4167-4AAB-8285-F0FCB00D5E4D}.Release|Any CPU.Build.0 = Release|Any CPU
		{CDF06D8E-A4B5-4FD3-A32F-F1F97FEE3D93}.Debug|Any CPU.ActiveCfg = Debug|Any CPU
		{CDF06D8E-A4B5-4FD3-A32F-F1F97FEE3D93}.Debug|Any CPU.Build.0 = Debug|Any CPU
		{CDF06D8E-A4B5-4FD3-A32F-F1F97FEE3D93}.Release|Any CPU.ActiveCfg = Release|Any CPU
		{CDF06D8E-A4B5-4FD3-A32F-F1F97FEE3D93}.Release|Any CPU.Build.0 = Release|Any CPU
		{FAB1C40A-6CDB-489B-967C-988C1EEC6236}.Debug|Any CPU.ActiveCfg = Debug|Any CPU
		{FAB1C40A-6CDB-489B-967C-988C1EEC6236}.Debug|Any CPU.Build.0 = Debug|Any CPU
		{FAB1C40A-6CDB-489B-967C-988C1EEC6236}.Release|Any CPU.ActiveCfg = Release|Any CPU
		{FAB1C40A-6CDB-489B-967C-988C1EEC6236}.Release|Any CPU.Build.0 = Release|Any CPU
	EndGlobalSection
	GlobalSection(SolutionProperties) = preSolution
		HideSolutionNode = FALSE
	EndGlobalSection
	GlobalSection(NestedProjects) = preSolution
		{720BB1A2-C133-49E4-AE75-588B8247CA28} = {CCB269A9-D9B9-44BA-AB4C-96DBB91471AA}
		{2C5357A4-525C-4DB6-92A6-122ED5CEA9AF} = {720BB1A2-C133-49E4-AE75-588B8247CA28}
		{FEFAAEE9-8054-4753-A374-428C470CA0AF} = {720BB1A2-C133-49E4-AE75-588B8247CA28}
		{F1BA12FC-F3D4-499C-BCCD-1B0FDEEB00BB} = {697588F8-4919-44BA-8D83-10BA77E3FADC}
		{B7957168-41FD-492B-840D-688D1B24888B} = {F1BA12FC-F3D4-499C-BCCD-1B0FDEEB00BB}
		{C98FCD1C-EE95-48F7-86F0-8A9FFC712DE8} = {CCB269A9-D9B9-44BA-AB4C-96DBB91471AA}
		{3ACA8BD4-8E21-409D-9885-1F3919F28FAE} = {C98FCD1C-EE95-48F7-86F0-8A9FFC712DE8}
		{933E37F1-6673-4731-918D-E013D2BAEE4F} = {FEFAAEE9-8054-4753-A374-428C470CA0AF}
		{E15D4A93-2F20-49B9-90D7-804A53D11336} = {81EDA9D3-065A-4CC5-B261-C459F9119BBC}
		{EE8F4F7D-4167-4AAB-8285-F0FCB00D5E4D} = {3880D47C-673F-4DAC-A42F-0FB5CDD06E79}
		{19D13A5A-C694-4C44-85E2-5F56EFDE3BB8} = {697588F8-4919-44BA-8D83-10BA77E3FADC}
		{CDF06D8E-A4B5-4FD3-A32F-F1F97FEE3D93} = {19D13A5A-C694-4C44-85E2-5F56EFDE3BB8}
		{FAB1C40A-6CDB-489B-967C-988C1EEC6236} = {2C5357A4-525C-4DB6-92A6-122ED5CEA9AF}
	EndGlobalSection
	GlobalSection(ExtensibilityGlobals) = postSolution
		SolutionGuid = {96B927F7-5B3B-442E-9EF7-474338872CAD}
	EndGlobalSection
EndGlobal
